
Microsoft Visual Studio Solution File, Format Version 12.00
# Visual Studio Version 17
VisualStudioVersion = 17.5.33502.453
MinimumVisualStudioVersion = 10.0.40219.1
Project("{FAE04EC0-301F-11D3-BF4B-00C04F79EFBC}") = "MyStore", "MyStore\MyStore.csproj", "{8E553EAE-6DF9-418C-B723-6B950604D41E}"
EndProject
Global
	GlobalSection(SolutionConfigurationPlatforms) = preSolution
		Debug|Any CPU = Debug|Any CPU
		Release|Any CPU = Release|Any CPU
	EndGlobalSection
	GlobalSection(ProjectConfigurationPlatforms) = postSolution
		{8E553EAE-6DF9-418C-B723-6B950604D41E}.Debug|Any CPU.ActiveCfg = Debug|Any CPU
		{8E553EAE-6DF9-418C-B723-6B950604D41E}.Debug|Any CPU.Build.0 = Debug|Any CPU
		{8E553EAE-6DF9-418C-B723-6B950604D41E}.Release|Any CPU.ActiveCfg = Release|Any CPU
		{8E553EAE-6DF9-418C-B723-6B950604D41E}.Release|Any CPU.Build.0 = Release|Any CPU
	EndGlobalSection
	GlobalSection(SolutionProperties) = preSolution
		HideSolutionNode = FALSE
	EndGlobalSection
	GlobalSection(ExtensibilityGlobals) = postSolution
		SolutionGuid = {E3A2F2DE-8D66-4543-B693-A1D802FE24C6}
	EndGlobalSection
EndGlobal
